# This file is generated by running "yarn install" inside your project.
# Manual changes might be lost - proceed with caution!

__metadata:
  version: 8
  cacheKey: 10c0

"@biomejs/biome@npm:1.9.2":
  version: 1.9.2
  resolution: "@biomejs/biome@npm:1.9.2"
  dependencies:
    "@biomejs/cli-darwin-arm64": "npm:1.9.2"
    "@biomejs/cli-darwin-x64": "npm:1.9.2"
    "@biomejs/cli-linux-arm64": "npm:1.9.2"
    "@biomejs/cli-linux-arm64-musl": "npm:1.9.2"
    "@biomejs/cli-linux-x64": "npm:1.9.2"
    "@biomejs/cli-linux-x64-musl": "npm:1.9.2"
    "@biomejs/cli-win32-arm64": "npm:1.9.2"
    "@biomejs/cli-win32-x64": "npm:1.9.2"
  dependenciesMeta:
    "@biomejs/cli-darwin-arm64":
      optional: true
    "@biomejs/cli-darwin-x64":
      optional: true
    "@biomejs/cli-linux-arm64":
      optional: true
    "@biomejs/cli-linux-arm64-musl":
      optional: true
    "@biomejs/cli-linux-x64":
      optional: true
    "@biomejs/cli-linux-x64-musl":
      optional: true
    "@biomejs/cli-win32-arm64":
      optional: true
    "@biomejs/cli-win32-x64":
      optional: true
  bin:
    biome: bin/biome
  checksum: 10c0/0addf6a387112ba950693ae0b782db93f307300de111a46902c745c25baab5aaf1a3558be830f373e4f034d45eaa011b6bccfdc1e18d26f733136c32dffd83f9
  languageName: node
  linkType: hard

"@biomejs/cli-darwin-arm64@npm:1.9.2":
  version: 1.9.2
  resolution: "@biomejs/cli-darwin-arm64@npm:1.9.2"
  conditions: os=darwin & cpu=arm64
  languageName: node
  linkType: hard

"@biomejs/cli-darwin-x64@npm:1.9.2":
  version: 1.9.2
  resolution: "@biomejs/cli-darwin-x64@npm:1.9.2"
  conditions: os=darwin & cpu=x64
  languageName: node
  linkType: hard

"@biomejs/cli-linux-arm64-musl@npm:1.9.2":
  version: 1.9.2
  resolution: "@biomejs/cli-linux-arm64-musl@npm:1.9.2"
  conditions: os=linux & cpu=arm64 & libc=musl
  languageName: node
  linkType: hard

"@biomejs/cli-linux-arm64@npm:1.9.2":
  version: 1.9.2
  resolution: "@biomejs/cli-linux-arm64@npm:1.9.2"
  conditions: os=linux & cpu=arm64 & libc=glibc
  languageName: node
  linkType: hard

"@biomejs/cli-linux-x64-musl@npm:1.9.2":
  version: 1.9.2
  resolution: "@biomejs/cli-linux-x64-musl@npm:1.9.2"
  conditions: os=linux & cpu=x64 & libc=musl
  languageName: node
  linkType: hard

"@biomejs/cli-linux-x64@npm:1.9.2":
  version: 1.9.2
  resolution: "@biomejs/cli-linux-x64@npm:1.9.2"
  conditions: os=linux & cpu=x64 & libc=glibc
  languageName: node
  linkType: hard

"@biomejs/cli-win32-arm64@npm:1.9.2":
  version: 1.9.2
  resolution: "@biomejs/cli-win32-arm64@npm:1.9.2"
  conditions: os=win32 & cpu=arm64
  languageName: node
  linkType: hard

"@biomejs/cli-win32-x64@npm:1.9.2":
  version: 1.9.2
  resolution: "@biomejs/cli-win32-x64@npm:1.9.2"
  conditions: os=win32 & cpu=x64
  languageName: node
  linkType: hard

"@ngneat/falso@npm:^7.2.0":
  version: 7.2.0
  resolution: "@ngneat/falso@npm:7.2.0"
  dependencies:
    seedrandom: "npm:3.0.5"
    uuid: "npm:8.3.2"
  checksum: 10c0/5a0a3bd3d76837ced616dba471319ebc267ef9da2a7526c4b8afd1685f340c0897f3db96cb60c415d48a3c5e9484067734df3ba89863ef967960bc91485c35d2
  languageName: node
  linkType: hard

"@types/node@npm:^22.7.2":
  version: 22.7.2
  resolution: "@types/node@npm:22.7.2"
  dependencies:
    undici-types: "npm:~6.19.2"
  checksum: 10c0/987e4df034e4af0ce76b938c2c0d94373da376b228f1c93081a661c77e682795c599bcad47c93c70a25b8ea443587137cf23088fb7f62ef442955f13046eae3d
  languageName: node
  linkType: hard

"better-runner@workspace:.":
  version: 0.0.0-use.local
  resolution: "better-runner@workspace:."
  dependencies:
    "@biomejs/biome": "npm:1.9.2"
    "@ngneat/falso": "npm:^7.2.0"
    "@types/node": "npm:^22.7.2"
    typescript: "npm:^5.5.4"
  languageName: unknown
  linkType: soft

"seedrandom@npm:3.0.5":
  version: 3.0.5
  resolution: "seedrandom@npm:3.0.5"
  checksum: 10c0/929752ac098ff4990b3f8e0ac39136534916e72879d6eb625230141d20db26e2f44c4d03d153d457682e8cbaab0fb7d58a1e7267a157cf23fd8cf34e25044e88
  languageName: node
  linkType: hard

"typescript@npm:^5.5.4":
  version: 5.5.4
  resolution: "typescript@npm:5.5.4"
  bin:
    tsc: bin/tsc
    tsserver: bin/tsserver
  checksum: 10c0/422be60f89e661eab29ac488c974b6cc0a660fb2228003b297c3d10c32c90f3bcffc1009b43876a082515a3c376b1eefcce823d6e78982e6878408b9a923199c
  languageName: node
  linkType: hard

"typescript@patch:typescript@npm%3A^5.5.4#optional!builtin<compat/typescript>":
  version: 5.5.4
  resolution: "typescript@patch:typescript@npm%3A5.5.4#optional!builtin<compat/typescript>::version=5.5.4&hash=379a07"
  bin:
    tsc: bin/tsc
    tsserver: bin/tsserver
  checksum: 10c0/73409d7b9196a5a1217b3aaad929bf76294d3ce7d6e9766dd880ece296ee91cf7d7db6b16c6c6c630ee5096eccde726c0ef17c7dfa52b01a243e57ae1f09ef07
  languageName: node
  linkType: hard

"undici-types@npm:~6.19.2":
  version: 6.19.8
  resolution: "undici-types@npm:6.19.8"
  checksum: 10c0/078afa5990fba110f6824823ace86073b4638f1d5112ee26e790155f481f2a868cc3e0615505b6f4282bdf74a3d8caad715fd809e870c2bb0704e3ea6082f344
  languageName: node
  linkType: hard

"uuid@npm:8.3.2":
  version: 8.3.2
  resolution: "uuid@npm:8.3.2"
  bin:
    uuid: dist/bin/uuid
  checksum: 10c0/bcbb807a917d374a49f475fae2e87fdca7da5e5530820ef53f65ba1d12131bd81a92ecf259cc7ce317cbe0f289e7d79fdfebcef9bfa3087c8c8a2fa304c9be54
  languageName: node
  linkType: hard
